
Microsoft Visual Studio Solution File, Format Version 12.00
# Visual Studio Version 17
VisualStudioVersion = 17.2.32526.322
MinimumVisualStudioVersion = 10.0.40219.1
Project("{FAE04EC0-301F-11D3-BF4B-00C04F79EFBC}") = "PerfectNumber", "PerfectNumber\PerfectNumber.csproj", "{DA3E48CC-86A3-4549-8847-08BEF4C121DF}"
EndProject
Global
	GlobalSection(SolutionConfigurationPlatforms) = preSolution
		Debug|Any CPU = Debug|Any CPU
		Release|Any CPU = Release|Any CPU
	EndGlobalSection
	GlobalSection(ProjectConfigurationPlatforms) = postSolution
		{DA3E48CC-86A3-4549-8847-08BEF4C121DF}.Debug|Any CPU.ActiveCfg = Debug|Any CPU
		{DA3E48CC-86A3-4549-8847-08BEF4C121DF}.Debug|Any CPU.Build.0 = Debug|Any CPU
		{DA3E48CC-86A3-4549-8847-08BEF4C121DF}.Release|Any CPU.ActiveCfg = Release|Any CPU
		{DA3E48CC-86A3-4549-8847-08BEF4C121DF}.Release|Any CPU.Build.0 = Release|Any CPU
	EndGlobalSection
	GlobalSection(SolutionProperties) = preSolution
		HideSolutionNode = FALSE
	EndGlobalSection
	GlobalSection(ExtensibilityGlobals) = postSolution
		SolutionGuid = {1743CE4C-F0BB-4448-875A-68982B74F8E3}
	EndGlobalSection
EndGlobal
